// !$*UTF8*$!
{
	archiveVersion = 1;
	classes = {
	};
	objectVersion = 48;
	objects = {

/* Begin PBXBuildFile section */
		BD9321C61F9023D4002437B5 /* AppDelegate.swift in Sources */ = {isa = PBXBuildFile; fileRef = BD9321C51F9023D4002437B5 /* AppDelegate.swift */; };
		BD9321C81F9023D4002437B5 /* MainTableViewController.swift in Sources */ = {isa = PBXBuildFile; fileRef = BD9321C71F9023D4002437B5 /* MainTableViewController.swift */; };
		BD9321CB1F9023D4002437B5 /* Main.storyboard in Resources */ = {isa = PBXBuildFile; fileRef = BD9321C91F9023D4002437B5 /* Main.storyboard */; };
		BD9321CD1F9023D4002437B5 /* Assets.xcassets in Resources */ = {isa = PBXBuildFile; fileRef = BD9321CC1F9023D4002437B5 /* Assets.xcassets */; };
		BD9321D01F9023D4002437B5 /* LaunchScreen.storyboard in Resources */ = {isa = PBXBuildFile; fileRef = BD9321CE1F9023D4002437B5 /* LaunchScreen.storyboard */; };
		BD9321DB1F9023D4002437B5 /* StageOneTests.swift in Sources */ = {isa = PBXBuildFile; fileRef = BD9321DA1F9023D4002437B5 /* StageOneTests.swift */; };
		BD9321E61F9023D4002437B5 /* StageOneUITests.swift in Sources */ = {isa = PBXBuildFile; fileRef = BD9321E51F9023D4002437B5 /* StageOneUITests.swift */; };
/* End PBXBuildFile section */

/* Begin PBXContainerItemProxy section */
		BD9321D71F9023D4002437B5 /* PBXContainerItemProxy */ = {
			isa = PBXContainerItemProxy;
			containerPortal = BD9321BA1F9023D4002437B5 /* Project object */;
			proxyType = 1;
			remoteGlobalIDString = BD9321C11F9023D4002437B5;
			remoteInfo = StageOne;
		};
		BD9321E21F9023D4002437B5 /* PBXContainerItemProxy */ = {
			isa = PBXContainerItemProxy;
			containerPortal = BD9321BA1F9023D4002437B5 /* Project object */;
			proxyType = 1;
			remoteGlobalIDString = BD9321C11F9023D4002437B5;
			remoteInfo = StageOne;
		};
/* End PBXContainerItemProxy section */

/* Begin PBXFileReference section */
		BD9321C21F9023D4002437B5 /* StageOne.app */ = {isa = PBXFileReference; explicitFileType = wrapper.application; includeInIndex = 0; path = StageOne.app; sourceTree = BUILT_PRODUCTS_DIR; };
		BD9321C51F9023D4002437B5 /* AppDelegate.swift */ = {isa = PBXFileReference; lastKnownFileType = sourcecode.swift; path = AppDelegate.swift; sourceTree = "<group>"; };
		BD9321C71F9023D4002437B5 /* MainTableViewController.swift */ = {isa = PBXFileReference; lastKnownFileType = sourcecode.swift; path = MainTableViewController.swift; sourceTree = "<group>"; };
		BD9321CA1F9023D4002437B5 /* Base */ = {isa = PBXFileReference; lastKnownFileType = file.storyboard; name = Base; path = Base.lproj/Main.storyboard; sourceTree = "<group>"; };
		BD9321CC1F9023D4002437B5 /* Assets.xcassets */ = {isa = PBXFileReference; lastKnownFileType = folder.assetcatalog; path = Assets.xcassets; sourceTree = "<group>"; };
		BD9321CF1F9023D4002437B5 /* Base */ = {isa = PBXFileReference; lastKnownFileType = file.storyboard; name = Base; path = Base.lproj/LaunchScreen.storyboard; sourceTree = "<group>"; };
		BD9321D11F9023D4002437B5 /* Info.plist */ = {isa = PBXFileReference; lastKnownFileType = text.plist.xml; path = Info.plist; sourceTree = "<group>"; };
		BD9321D61F9023D4002437B5 /* StageOneTests.xctest */ = {isa = PBXFileReference; explicitFileType = wrapper.cfbundle; includeInIndex = 0; path = StageOneTests.xctest; sourceTree = BUILT_PRODUCTS_DIR; };
		BD9321DA1F9023D4002437B5 /* StageOneTests.swift */ = {isa = PBXFileReference; lastKnownFileType = sourcecode.swift; path = StageOneTests.swift; sourceTree = "<group>"; };
		BD9321DC1F9023D4002437B5 /* Info.plist */ = {isa = PBXFileReference; lastKnownFileType = text.plist.xml; path = Info.plist; sourceTree = "<group>"; };
		BD9321E11F9023D4002437B5 /* StageOneUITests.xctest */ = {isa = PBXFileReference; explicitFileType = wrapper.cfbundle; includeInIndex = 0; path = StageOneUITests.xctest; sourceTree = BUILT_PRODUCTS_DIR; };
		BD9321E51F9023D4002437B5 /* StageOneUITests.swift */ = {isa = PBXFileReference; lastKnownFileType = sourcecode.swift; path = StageOneUITests.swift; sourceTree = "<group>"; };
		BD9321E71F9023D4002437B5 /* Info.plist */ = {isa = PBXFileReference; lastKnownFileType = text.plist.xml; path = Info.plist; sourceTree = "<group>"; };
/* End PBXFileReference section */

/* Begin PBXFrameworksBuildPhase section */
		BD9321BF1F9023D4002437B5 /* Frameworks */ = {
			isa = PBXFrameworksBuildPhase;
			buildActionMask = 2147483647;
			files = (
			);
			runOnlyForDeploymentPostprocessing = 0;
		};
		BD9321D31F9023D4002437B5 /* Frameworks */ = {
			isa = PBXFrameworksBuildPhase;
			buildActionMask = 2147483647;
			files = (
			);
			runOnlyForDeploymentPostprocessing = 0;
		};
		BD9321DE1F9023D4002437B5 /* Frameworks */ = {
			isa = PBXFrameworksBuildPhase;
			buildActionMask = 2147483647;
			files = (
			);
			runOnlyForDeploymentPostprocessing = 0;
		};
/* End PBXFrameworksBuildPhase section */

/* Begin PBXGroup section */
		BD9321B91F9023D4002437B5 = {
			isa = PBXGroup;
			children = (
				BD9321C41F9023D4002437B5 /* StageOne */,
				BD9321D91F9023D4002437B5 /* StageOneTests */,
				BD9321E41F9023D4002437B5 /* StageOneUITests */,
				BD9321C31F9023D4002437B5 /* Products */,
			);
			sourceTree = "<group>";
		};
		BD9321C31F9023D4002437B5 /* Products */ = {
			isa = PBXGroup;
			children = (
				BD9321C21F9023D4002437B5 /* StageOne.app */,
				BD9321D61F9023D4002437B5 /* StageOneTests.xctest */,
				BD9321E11F9023D4002437B5 /* StageOneUITests.xctest */,
			);
			name = Products;
			sourceTree = "<group>";
		};
		BD9321C41F9023D4002437B5 /* StageOne */ = {
			isa = PBXGroup;
			children = (
				BD9321C51F9023D4002437B5 /* AppDelegate.swift */,
				BD9321C71F9023D4002437B5 /* MainTableViewController.swift */,
				BD9321C91F9023D4002437B5 /* Main.storyboard */,
				BD9321CC1F9023D4002437B5 /* Assets.xcassets */,
				BD9321CE1F9023D4002437B5 /* LaunchScreen.storyboard */,
				BD9321D11F9023D4002437B5 /* Info.plist */,
			);
			path = StageOne;
			sourceTree = "<group>";
		};
		BD9321D91F9023D4002437B5 /* StageOneTests */ = {
			isa = PBXGroup;
			children = (
				BD9321DA1F9023D4002437B5 /* StageOneTests.swift */,
				BD9321DC1F9023D4002437B5 /* Info.plist */,
			);
			path = StageOneTests;
			sourceTree = "<group>";
		};
		BD9321E41F9023D4002437B5 /* StageOneUITests */ = {
			isa = PBXGroup;
			children = (
				BD9321E51F9023D4002437B5 /* StageOneUITests.swift */,
				BD9321E71F9023D4002437B5 /* Info.plist */,
			);
			path = StageOneUITests;
			sourceTree = "<group>";
		};
/* End PBXGroup section */

/* Begin PBXNativeTarget section */
		BD9321C11F9023D4002437B5 /* StageOne */ = {
			isa = PBXNativeTarget;
			buildConfigurationList = BD9321EA1F9023D4002437B5 /* Build configuration list for PBXNativeTarget "StageOne" */;
			buildPhases = (
				BD9321BE1F9023D4002437B5 /* Sources */,
				BD9321BF1F9023D4002437B5 /* Frameworks */,
				BD9321C01F9023D4002437B5 /* Resources */,
			);
			buildRules = (
			);
			dependencies = (
			);
			name = StageOne;
			productName = StageOne;
			productReference = BD9321C21F9023D4002437B5 /* StageOne.app */;
			productType = "com.apple.product-type.application";
		};
		BD9321D51F9023D4002437B5 /* StageOneTests */ = {
			isa = PBXNativeTarget;
			buildConfigurationList = BD9321ED1F9023D4002437B5 /* Build configuration list for PBXNativeTarget "StageOneTests" */;
			buildPhases = (
				BD9321D21F9023D4002437B5 /* Sources */,
				BD9321D31F9023D4002437B5 /* Frameworks */,
				BD9321D41F9023D4002437B5 /* Resources */,
			);
			buildRules = (
			);
			dependencies = (
				BD9321D81F9023D4002437B5 /* PBXTargetDependency */,
			);
			name = StageOneTests;
			productName = StageOneTests;
			productReference = BD9321D61F9023D4002437B5 /* StageOneTests.xctest */;
			productType = "com.apple.product-type.bundle.unit-test";
		};
		BD9321E01F9023D4002437B5 /* StageOneUITests */ = {
			isa = PBXNativeTarget;
			buildConfigurationList = BD9321F01F9023D4002437B5 /* Build configuration list for PBXNativeTarget "StageOneUITests" */;
			buildPhases = (
				BD9321DD1F9023D4002437B5 /* Sources */,
				BD9321DE1F9023D4002437B5 /* Frameworks */,
				BD9321DF1F9023D4002437B5 /* Resources */,
			);
			buildRules = (
			);
			dependencies = (
				BD9321E31F9023D4002437B5 /* PBXTargetDependency */,
			);
			name = StageOneUITests;
			productName = StageOneUITests;
			productReference = BD9321E11F9023D4002437B5 /* StageOneUITests.xctest */;
			productType = "com.apple.product-type.bundle.ui-testing";
		};
/* End PBXNativeTarget section */

/* Begin PBXProject section */
		BD9321BA1F9023D4002437B5 /* Project object */ = {
			isa = PBXProject;
			attributes = {
				LastSwiftUpdateCheck = 0900;
				LastUpgradeCheck = 0900;
				ORGANIZATIONNAME = "Matt Nydam";
				TargetAttributes = {
					BD9321C11F9023D4002437B5 = {
						CreatedOnToolsVersion = 9.0;
						ProvisioningStyle = Automatic;
					};
					BD9321D51F9023D4002437B5 = {
						CreatedOnToolsVersion = 9.0;
						ProvisioningStyle = Automatic;
						TestTargetID = BD9321C11F9023D4002437B5;
					};
					BD9321E01F9023D4002437B5 = {
						CreatedOnToolsVersion = 9.0;
						ProvisioningStyle = Automatic;
						TestTargetID = BD9321C11F9023D4002437B5;
					};
				};
			};
			buildConfigurationList = BD9321BD1F9023D4002437B5 /* Build configuration list for PBXProject "StageOne" */;
			compatibilityVersion = "Xcode 8.0";
			developmentRegion = en;
			hasScannedForEncodings = 0;
			knownRegions = (
				en,
				Base,
			);
			mainGroup = BD9321B91F9023D4002437B5;
			productRefGroup = BD9321C31F9023D4002437B5 /* Products */;
			projectDirPath = "";
			projectRoot = "";
			targets = (
				BD9321C11F9023D4002437B5 /* StageOne */,
				BD9321D51F9023D4002437B5 /* StageOneTests */,
				BD9321E01F9023D4002437B5 /* StageOneUITests */,
			);
		};
/* End PBXProject section */

/* Begin PBXResourcesBuildPhase section */
		BD9321C01F9023D4002437B5 /* Resources */ = {
			isa = PBXResourcesBuildPhase;
			buildActionMask = 2147483647;
			files = (
				BD9321D01F9023D4002437B5 /* LaunchScreen.storyboard in Resources */,
				BD9321CD1F9023D4002437B5 /* Assets.xcassets in Resources */,
				BD9321CB1F9023D4002437B5 /* Main.storyboard in Resources */,
			);
			runOnlyForDeploymentPostprocessing = 0;
		};
		BD9321D41F9023D4002437B5 /* Resources */ = {
			isa = PBXResourcesBuildPhase;
			buildActionMask = 2147483647;
			files = (
			);
			runOnlyForDeploymentPostprocessing = 0;
		};
		BD9321DF1F9023D4002437B5 /* Resources */ = {
			isa = PBXResourcesBuildPhase;
			buildActionMask = 2147483647;
			files = (
			);
			runOnlyForDeploymentPostprocessing = 0;
		};
/* End PBXResourcesBuildPhase section */

/* Begin PBXSourcesBuildPhase section */
		BD9321BE1F9023D4002437B5 /* Sources */ = {
			isa = PBXSourcesBuildPhase;
			buildActionMask = 2147483647;
			files = (
				BD9321C81F9023D4002437B5 /* MainTableViewController.swift in Sources */,
				BD9321C61F9023D4002437B5 /* AppDelegate.swift in Sources */,
			);
			runOnlyForDeploymentPostprocessing = 0;
		};
		BD9321D21F9023D4002437B5 /* Sources */ = {
			isa = PBXSourcesBuildPhase;
			buildActionMask = 2147483647;
			files = (
				BD9321DB1F9023D4002437B5 /* StageOneTests.swift in Sources */,
			);
			runOnlyForDeploymentPostprocessing = 0;
		};
		BD9321DD1F9023D4002437B5 /* Sources */ = {
			isa = PBXSourcesBuildPhase;
			buildActionMask = 2147483647;
			files = (
				BD9321E61F9023D4002437B5 /* StageOneUITests.swift in Sources */,
			);
			runOnlyForDeploymentPostprocessing = 0;
		};
/* End PBXSourcesBuildPhase section */

/* Begin PBXTargetDependency section */
		BD9321D81F9023D4002437B5 /* PBXTargetDependency */ = {
			isa = PBXTargetDependency;
			target = BD9321C11F9023D4002437B5 /* StageOne */;
			targetProxy = BD9321D71F9023D4002437B5 /* PBXContainerItemProxy */;
		};
		BD9321E31F9023D4002437B5 /* PBXTargetDependency */ = {
			isa = PBXTargetDependency;
			target = BD9321C11F9023D4002437B5 /* StageOne */;
			targetProxy = BD9321E21F9023D4002437B5 /* PBXContainerItemProxy */;
		};
/* End PBXTargetDependency section */

/* Begin PBXVariantGroup section */
		BD9321C91F9023D4002437B5 /* Main.storyboard */ = {
			isa = PBXVariantGroup;
			children = (
				BD9321CA1F9023D4002437B5 /* Base */,
			);
			name = Main.storyboard;
			sourceTree = "<group>";
		};
		BD9321CE1F9023D4002437B5 /* LaunchScreen.storyboard */ = {
			isa = PBXVariantGroup;
			children = (
				BD9321CF1F9023D4002437B5 /* Base */,
			);
			name = LaunchScreen.storyboard;
			sourceTree = "<group>";
		};
/* End PBXVariantGroup section */

/* Begin XCBuildConfiguration section */
		BD9321E81F9023D4002437B5 /* Debug */ = {
			isa = XCBuildConfiguration;
			buildSettings = {
				ALWAYS_SEARCH_USER_PATHS = NO;
				CLANG_ANALYZER_NONNULL = YES;
				CLANG_ANALYZER_NUMBER_OBJECT_CONVERSION = YES_AGGRESSIVE;
				CLANG_CXX_LANGUAGE_STANDARD = "gnu++14";
				CLANG_CXX_LIBRARY = "libc++";
				CLANG_ENABLE_MODULES = YES;
				CLANG_ENABLE_OBJC_ARC = YES;
				CLANG_WARN_BLOCK_CAPTURE_AUTORELEASING = YES;
				CLANG_WARN_BOOL_CONVERSION = YES;
				CLANG_WARN_COMMA = YES;
				CLANG_WARN_CONSTANT_CONVERSION = YES;
				CLANG_WARN_DIRECT_OBJC_ISA_USAGE = YES_ERROR;
				CLANG_WARN_DOCUMENTATION_COMMENTS = YES;
				CLANG_WARN_EMPTY_BODY = YES;
				CLANG_WARN_ENUM_CONVERSION = YES;
				CLANG_WARN_INFINITE_RECURSION = YES;
				CLANG_WARN_INT_CONVERSION = YES;
				CLANG_WARN_NON_LITERAL_NULL_CONVERSION = YES;
				CLANG_WARN_OBJC_LITERAL_CONVERSION = YES;
				CLANG_WARN_OBJC_ROOT_CLASS = YES_ERROR;
				CLANG_WARN_RANGE_LOOP_ANALYSIS = YES;
				CLANG_WARN_STRICT_PROTOTYPES = YES;
				CLANG_WARN_SUSPICIOUS_MOVE = YES;
				CLANG_WARN_UNGUARDED_AVAILABILITY = YES_AGGRESSIVE;
				CLANG_WARN_UNREACHABLE_CODE = YES;
				CLANG_WARN__DUPLICATE_METHOD_MATCH = YES;
				CODE_SIGN_IDENTITY = "iPhone Developer";
				COPY_PHASE_STRIP = NO;
				DEBUG_INFORMATION_FORMAT = dwarf;
				ENABLE_STRICT_OBJC_MSGSEND = YES;
				ENABLE_TESTABILITY = YES;
				GCC_C_LANGUAGE_STANDARD = gnu11;
				GCC_DYNAMIC_NO_PIC = NO;
				GCC_NO_COMMON_BLOCKS = YES;
				GCC_OPTIMIZATION_LEVEL = 0;
				GCC_PREPROCESSOR_DEFINITIONS = (
					"DEBUG=1",
					"$(inherited)",
				);
				GCC_WARN_64_TO_32_BIT_CONVERSION = YES;
				GCC_WARN_ABOUT_RETURN_TYPE = YES_ERROR;
				GCC_WARN_UNDECLARED_SELECTOR = YES;
				GCC_WARN_UNINITIALIZED_AUTOS = YES_AGGRESSIVE;
				GCC_WARN_UNUSED_FUNCTION = YES;
				GCC_WARN_UNUSED_VARIABLE = YES;
				IPHONEOS_DEPLOYMENT_TARGET = 11.0;
				MTL_ENABLE_DEBUG_INFO = YES;
				ONLY_ACTIVE_ARCH = YES;
				SDKROOT = iphoneos;
				SWIFT_ACTIVE_COMPILATION_CONDITIONS = DEBUG;
				SWIFT_OPTIMIZATION_LEVEL = "-Onone";
			};
			name = Debug;
		};
		BD9321E91F9023D4002437B5 /* Release */ = {
			isa = XCBuildConfiguration;
			buildSettings = {
				ALWAYS_SEARCH_USER_PATHS = NO;
				CLANG_ANALYZER_NONNULL = YES;
				CLANG_ANALYZER_NUMBER_OBJECT_CONVERSION = YES_AGGRESSIVE;
				CLANG_CXX_LANGUAGE_STANDARD = "gnu++14";
				CLANG_CXX_LIBRARY = "libc++";
				CLANG_ENABLE_MODULES = YES;
				CLANG_ENABLE_OBJC_ARC = YES;
				CLANG_WARN_BLOCK_CAPTURE_AUTORELEASING = YES;
				CLANG_WARN_BOOL_CONVERSION = YES;
				CLANG_WARN_COMMA = YES;
				CLANG_WARN_CONSTANT_CONVERSION = YES;
				CLANG_WARN_DIRECT_OBJC_ISA_USAGE = YES_ERROR;
				CLANG_WARN_DOCUMENTATION_COMMENTS = YES;
				CLANG_WARN_EMPTY_BODY = YES;
				CLANG_WARN_ENUM_CONVERSION = YES;
				CLANG_WARN_INFINITE_RECURSION = YES;
				CLANG_WARN_INT_CONVERSION = YES;
				CLANG_WARN_NON_LITERAL_NULL_CONVERSION = YES;
				CLANG_WARN_OBJC_LITERAL_CONVERSION = YES;
				CLANG_WARN_OBJC_ROOT_CLASS = YES_ERROR;
				CLANG_WARN_RANGE_LOOP_ANALYSIS = YES;
				CLANG_WARN_STRICT_PROTOTYPES = YES;
				CLANG_WARN_SUSPICIOUS_MOVE = YES;
				CLANG_WARN_UNGUARDED_AVAILABILITY = YES_AGGRESSIVE;
				CLANG_WARN_UNREACHABLE_CODE = YES;
				CLANG_WARN__DUPLICATE_METHOD_MATCH = YES;
				CODE_SIGN_IDENTITY = "iPhone Developer";
				COPY_PHASE_STRIP = NO;
				DEBUG_INFORMATION_FORMAT = "dwarf-with-dsym";
				ENABLE_NS_ASSERTIONS = NO;
				ENABLE_STRICT_OBJC_MSGSEND = YES;
				GCC_C_LANGUAGE_STANDARD = gnu11;
				GCC_NO_COMMON_BLOCKS = YES;
				GCC_WARN_64_TO_32_BIT_CONVERSION = YES;
				GCC_WARN_ABOUT_RETURN_TYPE = YES_ERROR;
				GCC_WARN_UNDECLARED_SELECTOR = YES;
				GCC_WARN_UNINITIALIZED_AUTOS = YES_AGGRESSIVE;
				GCC_WARN_UNUSED_FUNCTION = YES;
				GCC_WARN_UNUSED_VARIABLE = YES;
				IPHONEOS_DEPLOYMENT_TARGET = 11.0;
				MTL_ENABLE_DEBUG_INFO = NO;
				SDKROOT = iphoneos;
				SWIFT_OPTIMIZATION_LEVEL = "-Owholemodule";
				VALIDATE_PRODUCT = YES;
			};
			name = Release;
		};
		BD9321EB1F9023D4002437B5 /* Debug */ = {
			isa = XCBuildConfiguration;
			buildSettings = {
				ASSETCATALOG_COMPILER_APPICON_NAME = AppIcon;
				CODE_SIGN_STYLE = Automatic;
				INFOPLIST_FILE = StageOne/Info.plist;
				LD_RUNPATH_SEARCH_PATHS = "$(inherited) @executable_path/Frameworks";
				PRODUCT_BUNDLE_IDENTIFIER = LOL.StageOne;
				PRODUCT_NAME = "$(TARGET_NAME)";
				SWIFT_VERSION = 4.0;
				TARGETED_DEVICE_FAMILY = "1,2";
			};
			name = Debug;
		};
		BD9321EC1F9023D4002437B5 /* Release */ = {
			isa = XCBuildConfiguration;
			buildSettings = {
				ASSETCATALOG_COMPILER_APPICON_NAME = AppIcon;
				CODE_SIGN_STYLE = Automatic;
				INFOPLIST_FILE = StageOne/Info.plist;
				LD_RUNPATH_SEARCH_PATHS = "$(inherited) @executable_path/Frameworks";
				PRODUCT_BUNDLE_IDENTIFIER = LOL.StageOne;
				PRODUCT_NAME = "$(TARGET_NAME)";
				SWIFT_VERSION = 4.0;
				TARGETED_DEVICE_FAMILY = "1,2";
			};
			name = Release;
		};
		BD9321EE1F9023D4002437B5 /* Debug */ = {
			isa = XCBuildConfiguration;
			buildSettings = {
				ALWAYS_EMBED_SWIFT_STANDARD_LIBRARIES = YES;
				BUNDLE_LOADER = "$(TEST_HOST)";
				CODE_SIGN_STYLE = Automatic;
				INFOPLIST_FILE = StageOneTests/Info.plist;
				LD_RUNPATH_SEARCH_PATHS = "$(inherited) @executable_path/Frameworks @loader_path/Frameworks";
				PRODUCT_BUNDLE_IDENTIFIER = LOL.StageOneTests;
				PRODUCT_NAME = "$(TARGET_NAME)";
				SWIFT_VERSION = 4.0;
				TARGETED_DEVICE_FAMILY = "1,2";
				TEST_HOST = "$(BUILT_PRODUCTS_DIR)/StageOne.app/StageOne";
			};
			name = Debug;
		};
		BD9321EF1F9023D4002437B5 /* Release */ = {
			isa = XCBuildConfiguration;
			buildSettings = {
				ALWAYS_EMBED_SWIFT_STANDARD_LIBRARIES = YES;
				BUNDLE_LOADER = "$(TEST_HOST)";
				CODE_SIGN_STYLE = Automatic;
				INFOPLIST_FILE = StageOneTests/Info.plist;
				LD_RUNPATH_SEARCH_PATHS = "$(inherited) @executable_path/Frameworks @loader_path/Frameworks";
				PRODUCT_BUNDLE_IDENTIFIER = LOL.StageOneTests;
				PRODUCT_NAME = "$(TARGET_NAME)";
				SWIFT_VERSION = 4.0;
				TARGETED_DEVICE_FAMILY = "1,2";
				TEST_HOST = "$(BUILT_PRODUCTS_DIR)/StageOne.app/StageOne";
			};
			name = Release;
		};
		BD9321F11F9023D4002437B5 /* Debug */ = {
			isa = XCBuildConfiguration;
			buildSettings = {
				ALWAYS_EMBED_SWIFT_STANDARD_LIBRARIES = YES;
				CODE_SIGN_STYLE = Automatic;
				INFOPLIST_FILE = StageOneUITests/Info.plist;
				LD_RUNPATH_SEARCH_PATHS = "$(inherited) @executable_path/Frameworks @loader_path/Frameworks";
				PRODUCT_BUNDLE_IDENTIFIER = LOL.StageOneUITests;
				PRODUCT_NAME = "$(TARGET_NAME)";
				SWIFT_VERSION = 4.0;
				TARGETED_DEVICE_FAMILY = "1,2";
				TEST_TARGET_NAME = StageOne;
			};
			name = Debug;
		};
		BD9321F21F9023D4002437B5 /* Release */ = {
			isa = XCBuildConfiguration;
			buildSettings = {
				ALWAYS_EMBED_SWIFT_STANDARD_LIBRARIES = YES;
				CODE_SIGN_STYLE = Automatic;
				INFOPLIST_FILE = StageOneUITests/Info.plist;
				LD_RUNPATH_SEARCH_PATHS = "$(inherited) @executable_path/Frameworks @loader_path/Frameworks";
				PRODUCT_BUNDLE_IDENTIFIER = LOL.StageOneUITests;
				PRODUCT_NAME = "$(TARGET_NAME)";
				SWIFT_VERSION = 4.0;
				TARGETED_DEVICE_FAMILY = "1,2";
				TEST_TARGET_NAME = StageOne;
			};
			name = Release;
		};
/* End XCBuildConfiguration section */

/* Begin XCConfigurationList section */
		BD9321BD1F9023D4002437B5 /* Build configuration list for PBXProject "StageOne" */ = {
			isa = XCConfigurationList;
			buildConfigurations = (
				BD9321E81F9023D4002437B5 /* Debug */,
				BD9321E91F9023D4002437B5 /* Release */,
			);
			defaultConfigurationIsVisible = 0;
			defaultConfigurationName = Release;
		};
		BD9321EA1F9023D4002437B5 /* Build configuration list for PBXNativeTarget "StageOne" */ = {
			isa = XCConfigurationList;
			buildConfigurations = (
				BD9321EB1F9023D4002437B5 /* Debug */,
				BD9321EC1F9023D4002437B5 /* Release */,
			);
			defaultConfigurationIsVisible = 0;
			defaultConfigurationName = Release;
		};
		BD9321ED1F9023D4002437B5 /* Build configuration list for PBXNativeTarget "StageOneTests" */ = {
			isa = XCConfigurationList;
			buildConfigurations = (
				BD9321EE1F9023D4002437B5 /* Debug */,
				BD9321EF1F9023D4002437B5 /* Release */,
			);
			defaultConfigurationIsVisible = 0;
			defaultConfigurationName = Release;
		};
		BD9321F01F9023D4002437B5 /* Build configuration list for PBXNativeTarget "StageOneUITests" */ = {
			isa = XCConfigurationList;
			buildConfigurations = (
				BD9321F11F9023D4002437B5 /* Debug */,
				BD9321F21F9023D4002437B5 /* Release */,
			);
			defaultConfigurationIsVisible = 0;
			defaultConfigurationName = Release;
		};
/* End XCConfigurationList section */
	};
	rootObject = BD9321BA1F9023D4002437B5 /* Project object */;
}
